
Microsoft Visual Studio Solution File, Format Version 12.00
# Visual Studio Version 16
VisualStudioVersion = 16.0.808.6
MinimumVisualStudioVersion = 10.0.40219.1
Project("{FAE04EC0-301F-11D3-BF4B-00C04F79EFBC}") = "FrontendServer", "FrontendServer.csproj", "{D3D9914F-D12B-4394-A6F7-2BAB498086E7}"
EndProject
Global
	GlobalSection(SolutionConfigurationPlatforms) = preSolution
		Debug|Any CPU = Debug|Any CPU
		Release|Any CPU = Release|Any CPU
	EndGlobalSection
	GlobalSection(ProjectConfigurationPlatforms) = postSolution
		{D3D9914F-D12B-4394-A6F7-2BAB498086E7}.Debug|Any CPU.ActiveCfg = Debug|Any CPU
		{D3D9914F-D12B-4394-A6F7-2BAB498086E7}.Debug|Any CPU.Build.0 = Debug|Any CPU
		{D3D9914F-D12B-4394-A6F7-2BAB498086E7}.Release|Any CPU.ActiveCfg = Release|Any CPU
		{D3D9914F-D12B-4394-A6F7-2BAB498086E7}.Release|Any CPU.Build.0 = Release|Any CPU
	EndGlobalSection
	GlobalSection(SolutionProperties) = preSolution
		HideSolutionNode = FALSE
	EndGlobalSection
	GlobalSection(ExtensibilityGlobals) = postSolution
		SolutionGuid = {489CA85C-8657-4E92-A55C-D063900A91AD}
	EndGlobalSection
EndGlobal
