
Microsoft Visual Studio Solution File, Format Version 12.00
# Visual Studio Version 16
VisualStudioVersion = 16.0.808.3
MinimumVisualStudioVersion = 10.0.40219.1
Project("{FAE04EC0-301F-11D3-BF4B-00C04F79EFBC}") = "FrontendServer", "PokerServer\FrontendServer.csproj", "{983BEA79-0205-4937-B1CE-2F4C55D123F5}"
EndProject
Project("{FAE04EC0-301F-11D3-BF4B-00C04F79EFBC}") = "GameServer", "GameServer\GameServer.csproj", "{251582E0-54B8-4755-A4EB-616D4D70A45F}"
EndProject
Project("{FAE04EC0-301F-11D3-BF4B-00C04F79EFBC}") = "PokerLobby", "PokerLobby\PokerLobby.csproj", "{C24AC8A3-5D70-493C-AAED-80AC12D8F90A}"
EndProject
Project("{FAE04EC0-301F-11D3-BF4B-00C04F79EFBC}") = "Network", "..\..\ServerNetworkDLL\Network\Network.csproj", "{5EAD1325-4EB4-4050-9243-C4B1941A3C1F}"
EndProject
Project("{FAE04EC0-301F-11D3-BF4B-00C04F79EFBC}") = "PokerSynchronisation", "..\..\ServerNetworkDLL\PokerSync\PokerSynchronisation.csproj", "{0D5A4A36-DCAE-4E87-A3BE-1021BA933F4B}"
EndProject
Project("{FAE04EC0-301F-11D3-BF4B-00C04F79EFBC}") = "TexasHoldem.Logic", "..\..\TexasHoldemEngine\src\TexasHoldem.Logic\TexasHoldem.Logic.csproj", "{9B41A315-211D-43CF-B228-93985EA03D67}"
EndProject
Project("{FAE04EC0-301F-11D3-BF4B-00C04F79EFBC}") = "TexasHoldem.AI.SmartPlayer", "..\..\TexasHoldemEngine\src\AI\TexasHoldem.AI.SmartPlayer\TexasHoldem.AI.SmartPlayer.csproj", "{43674424-BC75-4575-88D0-9FF76A1134BB}"
EndProject
Project("{FAE04EC0-301F-11D3-BF4B-00C04F79EFBC}") = "TexasHoldem.AI.DummyPlayer", "..\..\TexasHoldemEngine\src\AI\TexasHoldem.AI.DummyPlayer\TexasHoldem.AI.DummyPlayer.csproj", "{36D393BA-8D2C-4E03-B8D6-DF1F358ED67D}"
EndProject
Project("{FAE04EC0-301F-11D3-BF4B-00C04F79EFBC}") = "TexasHoldem.UI.Console", "..\..\TexasHoldemEngine\src\UI\TexasHoldem.UI.Console\TexasHoldem.UI.Console.csproj", "{41C9B2C7-6565-465F-B950-74B8405FAD8B}"
EndProject
Project("{FAE04EC0-301F-11D3-BF4B-00C04F79EFBC}") = "FrontendDistributionServer", "FrontendDistributionServer\FrontendDistributionServer.csproj", "{98262813-BF97-421A-9AD3-173E3A0CB16C}"
EndProject
Project("{FAE04EC0-301F-11D3-BF4B-00C04F79EFBC}") = "RegionServer", "RegionServer\RegionServer.csproj", "{1321FD59-D89B-40F4-AD5C-51FEEDC273CA}"
EndProject
Project("{FAE04EC0-301F-11D3-BF4B-00C04F79EFBC}") = "LobbyServer", "LobbyServer\LobbyServer.csproj", "{E1C8C782-9EB1-4A45-B119-049BC1413F25}"
EndProject
Project("{FAE04EC0-301F-11D3-BF4B-00C04F79EFBC}") = "UniCastCommonData", "UniCastCommonData\UniCastCommonData.csproj", "{1B737B28-C8C0-4B7C-867C-FDDDE6F36CB5}"
EndProject
Project("{FAE04EC0-301F-11D3-BF4B-00C04F79EFBC}") = "DatabaseServer", "DatabaseServer\DatabaseServer.csproj", "{4A9F61DA-1B27-47FE-BDE6-0A76E710D340}"
EndProject
Project("{FAE04EC0-301F-11D3-BF4B-00C04F79EFBC}") = "ServerDLL", "ServerDLL\ServerDLL.csproj", "{82778268-4E9F-4CCB-BED6-F47027794514}"
EndProject
Project("{FAE04EC0-301F-11D3-BF4B-00C04F79EFBC}") = "TestingClient", "TestingClient\TestingClient.csproj", "{8BA8A75A-52A1-4E6B-BCC9-B7E53A3882D7}"
EndProject
Global
	GlobalSection(SolutionConfigurationPlatforms) = preSolution
		Debug|Any CPU = Debug|Any CPU
		Release|Any CPU = Release|Any CPU
	EndGlobalSection
	GlobalSection(ProjectConfigurationPlatforms) = postSolution
		{983BEA79-0205-4937-B1CE-2F4C55D123F5}.Debug|Any CPU.ActiveCfg = Debug|Any CPU
		{983BEA79-0205-4937-B1CE-2F4C55D123F5}.Debug|Any CPU.Build.0 = Debug|Any CPU
		{983BEA79-0205-4937-B1CE-2F4C55D123F5}.Release|Any CPU.ActiveCfg = Release|Any CPU
		{983BEA79-0205-4937-B1CE-2F4C55D123F5}.Release|Any CPU.Build.0 = Release|Any CPU
		{251582E0-54B8-4755-A4EB-616D4D70A45F}.Debug|Any CPU.ActiveCfg = Debug|Any CPU
		{251582E0-54B8-4755-A4EB-616D4D70A45F}.Debug|Any CPU.Build.0 = Debug|Any CPU
		{251582E0-54B8-4755-A4EB-616D4D70A45F}.Release|Any CPU.ActiveCfg = Release|Any CPU
		{251582E0-54B8-4755-A4EB-616D4D70A45F}.Release|Any CPU.Build.0 = Release|Any CPU
		{C24AC8A3-5D70-493C-AAED-80AC12D8F90A}.Debug|Any CPU.ActiveCfg = Debug|Any CPU
		{C24AC8A3-5D70-493C-AAED-80AC12D8F90A}.Debug|Any CPU.Build.0 = Debug|Any CPU
		{C24AC8A3-5D70-493C-AAED-80AC12D8F90A}.Release|Any CPU.ActiveCfg = Release|Any CPU
		{C24AC8A3-5D70-493C-AAED-80AC12D8F90A}.Release|Any CPU.Build.0 = Release|Any CPU
		{5EAD1325-4EB4-4050-9243-C4B1941A3C1F}.Debug|Any CPU.ActiveCfg = Debug|Any CPU
		{5EAD1325-4EB4-4050-9243-C4B1941A3C1F}.Debug|Any CPU.Build.0 = Debug|Any CPU
		{5EAD1325-4EB4-4050-9243-C4B1941A3C1F}.Release|Any CPU.ActiveCfg = Release|Any CPU
		{5EAD1325-4EB4-4050-9243-C4B1941A3C1F}.Release|Any CPU.Build.0 = Release|Any CPU
		{0D5A4A36-DCAE-4E87-A3BE-1021BA933F4B}.Debug|Any CPU.ActiveCfg = Debug|Any CPU
		{0D5A4A36-DCAE-4E87-A3BE-1021BA933F4B}.Debug|Any CPU.Build.0 = Debug|Any CPU
		{0D5A4A36-DCAE-4E87-A3BE-1021BA933F4B}.Release|Any CPU.ActiveCfg = Release|Any CPU
		{0D5A4A36-DCAE-4E87-A3BE-1021BA933F4B}.Release|Any CPU.Build.0 = Release|Any CPU
		{9B41A315-211D-43CF-B228-93985EA03D67}.Debug|Any CPU.ActiveCfg = Debug|Any CPU
		{9B41A315-211D-43CF-B228-93985EA03D67}.Debug|Any CPU.Build.0 = Debug|Any CPU
		{9B41A315-211D-43CF-B228-93985EA03D67}.Release|Any CPU.ActiveCfg = Release|Any CPU
		{9B41A315-211D-43CF-B228-93985EA03D67}.Release|Any CPU.Build.0 = Release|Any CPU
		{43674424-BC75-4575-88D0-9FF76A1134BB}.Debug|Any CPU.ActiveCfg = Debug|Any CPU
		{43674424-BC75-4575-88D0-9FF76A1134BB}.Debug|Any CPU.Build.0 = Debug|Any CPU
		{43674424-BC75-4575-88D0-9FF76A1134BB}.Release|Any CPU.ActiveCfg = Release|Any CPU
		{43674424-BC75-4575-88D0-9FF76A1134BB}.Release|Any CPU.Build.0 = Release|Any CPU
		{36D393BA-8D2C-4E03-B8D6-DF1F358ED67D}.Debug|Any CPU.ActiveCfg = Debug|Any CPU
		{36D393BA-8D2C-4E03-B8D6-DF1F358ED67D}.Debug|Any CPU.Build.0 = Debug|Any CPU
		{36D393BA-8D2C-4E03-B8D6-DF1F358ED67D}.Release|Any CPU.ActiveCfg = Release|Any CPU
		{36D393BA-8D2C-4E03-B8D6-DF1F358ED67D}.Release|Any CPU.Build.0 = Release|Any CPU
		{41C9B2C7-6565-465F-B950-74B8405FAD8B}.Debug|Any CPU.ActiveCfg = Debug|Any CPU
		{41C9B2C7-6565-465F-B950-74B8405FAD8B}.Debug|Any CPU.Build.0 = Debug|Any CPU
		{41C9B2C7-6565-465F-B950-74B8405FAD8B}.Release|Any CPU.ActiveCfg = Release|Any CPU
		{41C9B2C7-6565-465F-B950-74B8405FAD8B}.Release|Any CPU.Build.0 = Release|Any CPU
		{98262813-BF97-421A-9AD3-173E3A0CB16C}.Debug|Any CPU.ActiveCfg = Debug|Any CPU
		{98262813-BF97-421A-9AD3-173E3A0CB16C}.Debug|Any CPU.Build.0 = Debug|Any CPU
		{98262813-BF97-421A-9AD3-173E3A0CB16C}.Release|Any CPU.ActiveCfg = Release|Any CPU
		{98262813-BF97-421A-9AD3-173E3A0CB16C}.Release|Any CPU.Build.0 = Release|Any CPU
		{1321FD59-D89B-40F4-AD5C-51FEEDC273CA}.Debug|Any CPU.ActiveCfg = Debug|Any CPU
		{1321FD59-D89B-40F4-AD5C-51FEEDC273CA}.Debug|Any CPU.Build.0 = Debug|Any CPU
		{1321FD59-D89B-40F4-AD5C-51FEEDC273CA}.Release|Any CPU.ActiveCfg = Release|Any CPU
		{1321FD59-D89B-40F4-AD5C-51FEEDC273CA}.Release|Any CPU.Build.0 = Release|Any CPU
		{E1C8C782-9EB1-4A45-B119-049BC1413F25}.Debug|Any CPU.ActiveCfg = Debug|Any CPU
		{E1C8C782-9EB1-4A45-B119-049BC1413F25}.Debug|Any CPU.Build.0 = Debug|Any CPU
		{E1C8C782-9EB1-4A45-B119-049BC1413F25}.Release|Any CPU.ActiveCfg = Release|Any CPU
		{E1C8C782-9EB1-4A45-B119-049BC1413F25}.Release|Any CPU.Build.0 = Release|Any CPU
		{1B737B28-C8C0-4B7C-867C-FDDDE6F36CB5}.Debug|Any CPU.ActiveCfg = Debug|Any CPU
		{1B737B28-C8C0-4B7C-867C-FDDDE6F36CB5}.Debug|Any CPU.Build.0 = Debug|Any CPU
		{1B737B28-C8C0-4B7C-867C-FDDDE6F36CB5}.Release|Any CPU.ActiveCfg = Release|Any CPU
		{1B737B28-C8C0-4B7C-867C-FDDDE6F36CB5}.Release|Any CPU.Build.0 = Release|Any CPU
		{4A9F61DA-1B27-47FE-BDE6-0A76E710D340}.Debug|Any CPU.ActiveCfg = Debug|Any CPU
		{4A9F61DA-1B27-47FE-BDE6-0A76E710D340}.Debug|Any CPU.Build.0 = Debug|Any CPU
		{4A9F61DA-1B27-47FE-BDE6-0A76E710D340}.Release|Any CPU.ActiveCfg = Release|Any CPU
		{4A9F61DA-1B27-47FE-BDE6-0A76E710D340}.Release|Any CPU.Build.0 = Release|Any CPU
		{82778268-4E9F-4CCB-BED6-F47027794514}.Debug|Any CPU.ActiveCfg = Debug|Any CPU
		{82778268-4E9F-4CCB-BED6-F47027794514}.Debug|Any CPU.Build.0 = Debug|Any CPU
		{82778268-4E9F-4CCB-BED6-F47027794514}.Release|Any CPU.ActiveCfg = Release|Any CPU
		{82778268-4E9F-4CCB-BED6-F47027794514}.Release|Any CPU.Build.0 = Release|Any CPU
		{8BA8A75A-52A1-4E6B-BCC9-B7E53A3882D7}.Debug|Any CPU.ActiveCfg = Debug|Any CPU
		{8BA8A75A-52A1-4E6B-BCC9-B7E53A3882D7}.Debug|Any CPU.Build.0 = Debug|Any CPU
		{8BA8A75A-52A1-4E6B-BCC9-B7E53A3882D7}.Release|Any CPU.ActiveCfg = Release|Any CPU
		{8BA8A75A-52A1-4E6B-BCC9-B7E53A3882D7}.Release|Any CPU.Build.0 = Release|Any CPU
	EndGlobalSection
	GlobalSection(SolutionProperties) = preSolution
		HideSolutionNode = FALSE
	EndGlobalSection
	GlobalSection(ExtensibilityGlobals) = postSolution
		SolutionGuid = {1A492167-F935-423E-A40D-6FE711DBB5E7}
	EndGlobalSection
EndGlobal
